
Microsoft Visual Studio Solution File, Format Version 12.00
# Visual Studio Version 16
VisualStudioVersion = 16.0.31624.102
MinimumVisualStudioVersion = 10.0.40219.1
Project("{FAE04EC0-301F-11D3-BF4B-00C04F79EFBC}") = "OOPAndFiles", "OOPAndFiles\OOPAndFiles.csproj", "{049BEA95-F066-4927-976B-03BFC59587C5}"
EndProject
Global
	GlobalSection(SolutionConfigurationPlatforms) = preSolution
		Debug|Any CPU = Debug|Any CPU
		Release|Any CPU = Release|Any CPU
	EndGlobalSection
	GlobalSection(ProjectConfigurationPlatforms) = postSolution
		{049BEA95-F066-4927-976B-03BFC59587C5}.Debug|Any CPU.ActiveCfg = Debug|Any CPU
		{049BEA95-F066-4927-976B-03BFC59587C5}.Debug|Any CPU.Build.0 = Debug|Any CPU
		{049BEA95-F066-4927-976B-03BFC59587C5}.Release|Any CPU.ActiveCfg = Release|Any CPU
		{049BEA95-F066-4927-976B-03BFC59587C5}.Release|Any CPU.Build.0 = Release|Any CPU
	EndGlobalSection
	GlobalSection(SolutionProperties) = preSolution
		HideSolutionNode = FALSE
	EndGlobalSection
	GlobalSection(ExtensibilityGlobals) = postSolution
		SolutionGuid = {71CB0667-4E8B-4AD5-B5B7-B77C62BC1958}
	EndGlobalSection
EndGlobal
